
Microsoft Visual Studio Solution File, Format Version 12.00
# Visual Studio Version 17
VisualStudioVersion = 17.6.33723.286
MinimumVisualStudioVersion = 10.0.40219.1
Project("{9A19103F-16F7-4668-BE54-9A1E7A4F7556}") = "DiceExpressGameEngine", "DiceExpressGameEngine\DiceExpressGameEngine.csproj", "{4307F69A-F931-4D84-B4DA-750BEA1EEA81}"
EndProject
Project("{9A19103F-16F7-4668-BE54-9A1E7A4F7556}") = "UnitTestsGameEngine", "UnitTestsGameEngine\UnitTestsGameEngine.csproj", "{5D48C243-54B6-43BF-A403-2D0825AD20A9}"
EndProject
Project("{FAE04EC0-301F-11D3-BF4B-00C04F79EFBC}") = "ConsoleDebugger", "ConsoleDebugger\ConsoleDebugger.csproj", "{0C795896-4FF4-4923-A6B4-9933DB71B95C}"
EndProject
Global
	GlobalSection(SolutionConfigurationPlatforms) = preSolution
		Debug|Any CPU = Debug|Any CPU
		Release|Any CPU = Release|Any CPU
	EndGlobalSection
	GlobalSection(ProjectConfigurationPlatforms) = postSolution
		{4307F69A-F931-4D84-B4DA-750BEA1EEA81}.Debug|Any CPU.ActiveCfg = Debug|Any CPU
		{4307F69A-F931-4D84-B4DA-750BEA1EEA81}.Debug|Any CPU.Build.0 = Debug|Any CPU
		{4307F69A-F931-4D84-B4DA-750BEA1EEA81}.Release|Any CPU.ActiveCfg = Release|Any CPU
		{4307F69A-F931-4D84-B4DA-750BEA1EEA81}.Release|Any CPU.Build.0 = Release|Any CPU
		{5D48C243-54B6-43BF-A403-2D0825AD20A9}.Debug|Any CPU.ActiveCfg = Debug|Any CPU
		{5D48C243-54B6-43BF-A403-2D0825AD20A9}.Debug|Any CPU.Build.0 = Debug|Any CPU
		{5D48C243-54B6-43BF-A403-2D0825AD20A9}.Release|Any CPU.ActiveCfg = Release|Any CPU
		{5D48C243-54B6-43BF-A403-2D0825AD20A9}.Release|Any CPU.Build.0 = Release|Any CPU
		{0C795896-4FF4-4923-A6B4-9933DB71B95C}.Debug|Any CPU.ActiveCfg = Debug|Any CPU
		{0C795896-4FF4-4923-A6B4-9933DB71B95C}.Debug|Any CPU.Build.0 = Debug|Any CPU
		{0C795896-4FF4-4923-A6B4-9933DB71B95C}.Release|Any CPU.ActiveCfg = Release|Any CPU
		{0C795896-4FF4-4923-A6B4-9933DB71B95C}.Release|Any CPU.Build.0 = Release|Any CPU
	EndGlobalSection
	GlobalSection(SolutionProperties) = preSolution
		HideSolutionNode = FALSE
	EndGlobalSection
	GlobalSection(ExtensibilityGlobals) = postSolution
		SolutionGuid = {FBD56817-2367-4B08-8BAB-EEE85962DB08}
	EndGlobalSection
EndGlobal
